
Microsoft Visual Studio Solution File, Format Version 12.00
# Visual Studio Version 16
VisualStudioVersion = 16.0.30709.132
MinimumVisualStudioVersion = 10.0.40219.1
Project("{2150E333-8FDC-42A3-9474-1A3956D46DE8}") = "Libraries", "Libraries", "{8C84752C-D715-4942-B5B4-317A561D7789}"
EndProject
Project("{2150E333-8FDC-42A3-9474-1A3956D46DE8}") = "Modules", "Modules", "{5A4AB3F2-B1FC-4F29-8EF9-4E99DDB7ADC8}"
EndProject
Project("{2150E333-8FDC-42A3-9474-1A3956D46DE8}") = "Presentation", "Presentation", "{C66D024E-FBE9-4C9C-BB44-F8BCA92826E6}"
EndProject
Project("{9A19103F-16F7-4668-BE54-9A1E7A4F7556}") = "PortalWeb.Domain", "Libraries\PortalWeb.Domain\PortalWeb.Domain.csproj", "{E8B529AC-9A13-4D71-845D-26B0CD23922E}"
EndProject
Project("{9A19103F-16F7-4668-BE54-9A1E7A4F7556}") = "PortalWeb.Infrastructure", "Libraries\PortalWeb.Infrastructure\PortalWeb.Infrastructure.csproj", "{AD0514B0-B25C-4750-BA29-31E3526C6C61}"
EndProject
Project("{FAE04EC0-301F-11D3-BF4B-00C04F79EFBC}") = "PortalWeb.Application", "Libraries\PortalWeb.Application\PortalWeb.Application.csproj", "{43C92D23-434D-43B5-A266-B7D9E3E46ECE}"
EndProject
Project("{FAE04EC0-301F-11D3-BF4B-00C04F79EFBC}") = "PortalWeb.API", "Presentation\PortalWeb.API\PortalWeb.API.csproj", "{C21092DF-E275-4FE7-A631-714FABD8524D}"
EndProject
Global
	GlobalSection(SolutionConfigurationPlatforms) = preSolution
		Debug|Any CPU = Debug|Any CPU
		Release|Any CPU = Release|Any CPU
	EndGlobalSection
	GlobalSection(ProjectConfigurationPlatforms) = postSolution
		{E8B529AC-9A13-4D71-845D-26B0CD23922E}.Debug|Any CPU.ActiveCfg = Debug|Any CPU
		{E8B529AC-9A13-4D71-845D-26B0CD23922E}.Debug|Any CPU.Build.0 = Debug|Any CPU
		{E8B529AC-9A13-4D71-845D-26B0CD23922E}.Release|Any CPU.ActiveCfg = Release|Any CPU
		{E8B529AC-9A13-4D71-845D-26B0CD23922E}.Release|Any CPU.Build.0 = Release|Any CPU
		{AD0514B0-B25C-4750-BA29-31E3526C6C61}.Debug|Any CPU.ActiveCfg = Debug|Any CPU
		{AD0514B0-B25C-4750-BA29-31E3526C6C61}.Debug|Any CPU.Build.0 = Debug|Any CPU
		{AD0514B0-B25C-4750-BA29-31E3526C6C61}.Release|Any CPU.ActiveCfg = Release|Any CPU
		{AD0514B0-B25C-4750-BA29-31E3526C6C61}.Release|Any CPU.Build.0 = Release|Any CPU
		{43C92D23-434D-43B5-A266-B7D9E3E46ECE}.Debug|Any CPU.ActiveCfg = Debug|Any CPU
		{43C92D23-434D-43B5-A266-B7D9E3E46ECE}.Debug|Any CPU.Build.0 = Debug|Any CPU
		{43C92D23-434D-43B5-A266-B7D9E3E46ECE}.Release|Any CPU.ActiveCfg = Release|Any CPU
		{43C92D23-434D-43B5-A266-B7D9E3E46ECE}.Release|Any CPU.Build.0 = Release|Any CPU
		{C21092DF-E275-4FE7-A631-714FABD8524D}.Debug|Any CPU.ActiveCfg = Debug|Any CPU
		{C21092DF-E275-4FE7-A631-714FABD8524D}.Debug|Any CPU.Build.0 = Debug|Any CPU
		{C21092DF-E275-4FE7-A631-714FABD8524D}.Release|Any CPU.ActiveCfg = Release|Any CPU
		{C21092DF-E275-4FE7-A631-714FABD8524D}.Release|Any CPU.Build.0 = Release|Any CPU
	EndGlobalSection
	GlobalSection(SolutionProperties) = preSolution
		HideSolutionNode = FALSE
	EndGlobalSection
	GlobalSection(NestedProjects) = preSolution
		{E8B529AC-9A13-4D71-845D-26B0CD23922E} = {8C84752C-D715-4942-B5B4-317A561D7789}
		{AD0514B0-B25C-4750-BA29-31E3526C6C61} = {8C84752C-D715-4942-B5B4-317A561D7789}
		{43C92D23-434D-43B5-A266-B7D9E3E46ECE} = {8C84752C-D715-4942-B5B4-317A561D7789}
		{C21092DF-E275-4FE7-A631-714FABD8524D} = {C66D024E-FBE9-4C9C-BB44-F8BCA92826E6}
	EndGlobalSection
	GlobalSection(ExtensibilityGlobals) = postSolution
		SolutionGuid = {84345AA6-A679-4099-8E0B-041B214B7B48}
	EndGlobalSection
EndGlobal
